
Microsoft Visual Studio Solution File, Format Version 12.00
# Visual Studio Version 17
VisualStudioVersion = 17.2.32630.192
MinimumVisualStudioVersion = 10.0.40219.1
Project("{8BC9CEB8-8B4A-11D0-8D11-00A0C91BC942}") = "Main", "Main\Main.vcxproj", "{64BD73BD-E0AD-47A9-A67F-59270FF5CA1E}"
	ProjectSection(ProjectDependencies) = postProject
		{4D50FFB1-7D4D-44E3-B2B1-41B6B5407943} = {4D50FFB1-7D4D-44E3-B2B1-41B6B5407943}
		{685F15A5-2B79-400A-82C4-261E46BEA7ED} = {685F15A5-2B79-400A-82C4-261E46BEA7ED}
	EndProjectSection
EndProject
Project("{8BC9CEB8-8B4A-11D0-8D11-00A0C91BC942}") = "SHARED-DLL", "SHARED-DLL\SHARED-DLL.vcxproj", "{685F15A5-2B79-400A-82C4-261E46BEA7ED}"
EndProject
Project("{8BC9CEB8-8B4A-11D0-8D11-00A0C91BC942}") = "STATIC-LIB", "STATIC-LIB\STATIC-LIB.vcxproj", "{4D50FFB1-7D4D-44E3-B2B1-41B6B5407943}"
EndProject
Project("{8BC9CEB8-8B4A-11D0-8D11-00A0C91BC942}") = "STATIC-INCLUDE", "STATIC-INCLUDE\STATIC-INCLUDE.vcxproj", "{94A22C0D-B6F3-4659-9FB3-096D407C4E16}"
EndProject
Project("{8BC9CEB8-8B4A-11D0-8D11-00A0C91BC942}") = "SHARED-INCLUDE", "SHARED-INCLUDE\SHARED-INCLUDE.vcxproj", "{6721EE3A-BE55-403E-8F37-D6495924A56E}"
EndProject
Global
	GlobalSection(SolutionConfigurationPlatforms) = preSolution
		Debug|x64 = Debug|x64
		Debug|x86 = Debug|x86
		Release|x64 = Release|x64
		Release|x86 = Release|x86
	EndGlobalSection
	GlobalSection(ProjectConfigurationPlatforms) = postSolution
		{64BD73BD-E0AD-47A9-A67F-59270FF5CA1E}.Debug|x64.ActiveCfg = Debug|x64
		{64BD73BD-E0AD-47A9-A67F-59270FF5CA1E}.Debug|x64.Build.0 = Debug|x64
		{64BD73BD-E0AD-47A9-A67F-59270FF5CA1E}.Debug|x86.ActiveCfg = Debug|Win32
		{64BD73BD-E0AD-47A9-A67F-59270FF5CA1E}.Debug|x86.Build.0 = Debug|Win32
		{64BD73BD-E0AD-47A9-A67F-59270FF5CA1E}.Release|x64.ActiveCfg = Release|x64
		{64BD73BD-E0AD-47A9-A67F-59270FF5CA1E}.Release|x64.Build.0 = Release|x64
		{64BD73BD-E0AD-47A9-A67F-59270FF5CA1E}.Release|x86.ActiveCfg = Release|Win32
		{64BD73BD-E0AD-47A9-A67F-59270FF5CA1E}.Release|x86.Build.0 = Release|Win32
		{685F15A5-2B79-400A-82C4-261E46BEA7ED}.Debug|x64.ActiveCfg = Debug|x64
		{685F15A5-2B79-400A-82C4-261E46BEA7ED}.Debug|x64.Build.0 = Debug|x64
		{685F15A5-2B79-400A-82C4-261E46BEA7ED}.Debug|x86.ActiveCfg = Debug|Win32
		{685F15A5-2B79-400A-82C4-261E46BEA7ED}.Debug|x86.Build.0 = Debug|Win32
		{685F15A5-2B79-400A-82C4-261E46BEA7ED}.Release|x64.ActiveCfg = Release|x64
		{685F15A5-2B79-400A-82C4-261E46BEA7ED}.Release|x64.Build.0 = Release|x64
		{685F15A5-2B79-400A-82C4-261E46BEA7ED}.Release|x86.ActiveCfg = Release|Win32
		{685F15A5-2B79-400A-82C4-261E46BEA7ED}.Release|x86.Build.0 = Release|Win32
		{4D50FFB1-7D4D-44E3-B2B1-41B6B5407943}.Debug|x64.ActiveCfg = Debug|x64
		{4D50FFB1-7D4D-44E3-B2B1-41B6B5407943}.Debug|x64.Build.0 = Debug|x64
		{4D50FFB1-7D4D-44E3-B2B1-41B6B5407943}.Debug|x86.ActiveCfg = Debug|Win32
		{4D50FFB1-7D4D-44E3-B2B1-41B6B5407943}.Debug|x86.Build.0 = Debug|Win32
		{4D50FFB1-7D4D-44E3-B2B1-41B6B5407943}.Release|x64.ActiveCfg = Release|x64
		{4D50FFB1-7D4D-44E3-B2B1-41B6B5407943}.Release|x64.Build.0 = Release|x64
		{4D50FFB1-7D4D-44E3-B2B1-41B6B5407943}.Release|x86.ActiveCfg = Release|Win32
		{4D50FFB1-7D4D-44E3-B2B1-41B6B5407943}.Release|x86.Build.0 = Release|Win32
		{94A22C0D-B6F3-4659-9FB3-096D407C4E16}.Debug|x64.ActiveCfg = Debug|x64
		{94A22C0D-B6F3-4659-9FB3-096D407C4E16}.Debug|x64.Build.0 = Debug|x64
		{94A22C0D-B6F3-4659-9FB3-096D407C4E16}.Debug|x86.ActiveCfg = Debug|Win32
		{94A22C0D-B6F3-4659-9FB3-096D407C4E16}.Debug|x86.Build.0 = Debug|Win32
		{94A22C0D-B6F3-4659-9FB3-096D407C4E16}.Release|x64.ActiveCfg = Release|x64
		{94A22C0D-B6F3-4659-9FB3-096D407C4E16}.Release|x64.Build.0 = Release|x64
		{94A22C0D-B6F3-4659-9FB3-096D407C4E16}.Release|x86.ActiveCfg = Release|Win32
		{94A22C0D-B6F3-4659-9FB3-096D407C4E16}.Release|x86.Build.0 = Release|Win32
		{6721EE3A-BE55-403E-8F37-D6495924A56E}.Debug|x64.ActiveCfg = Debug|x64
		{6721EE3A-BE55-403E-8F37-D6495924A56E}.Debug|x64.Build.0 = Debug|x64
		{6721EE3A-BE55-403E-8F37-D6495924A56E}.Debug|x86.ActiveCfg = Debug|Win32
		{6721EE3A-BE55-403E-8F37-D6495924A56E}.Debug|x86.Build.0 = Debug|Win32
		{6721EE3A-BE55-403E-8F37-D6495924A56E}.Release|x64.ActiveCfg = Release|x64
		{6721EE3A-BE55-403E-8F37-D6495924A56E}.Release|x64.Build.0 = Release|x64
		{6721EE3A-BE55-403E-8F37-D6495924A56E}.Release|x86.ActiveCfg = Release|Win32
		{6721EE3A-BE55-403E-8F37-D6495924A56E}.Release|x86.Build.0 = Release|Win32
	EndGlobalSection
	GlobalSection(SolutionProperties) = preSolution
		HideSolutionNode = FALSE
	EndGlobalSection
	GlobalSection(ExtensibilityGlobals) = postSolution
		SolutionGuid = {F38F9A79-3872-485F-9019-24101FBD63A5}
	EndGlobalSection
EndGlobal
